{
  "requires": true,
  "lockfileVersion": 1,
  "dependencies": {
    "coffeescript": {
      "version": "2.5.1",
      "resolved": "https://registry.npmjs.org/coffeescript/-/coffeescript-2.5.1.tgz",
      "integrity": "sha512-J2jRPX0eeFh5VKyVnoLrfVFgLZtnnmp96WQSLAS8OrLm2wtQLcnikYKe1gViJKDH7vucjuhHvBKKBP3rKcD1tQ=="
    },
    "uglify-js": {
      "version": "3.10.4",
      "resolved": "https://registry.npmjs.org/uglify-js/-/uglify-js-3.10.4.tgz",
      "integrity": "sha512-kBFT3U4Dcj4/pJ52vfjCSfyLyvG9VYYuGYPmrPvAxRw/i7xHiT4VvCev+uiEMcEEiu6UNB6KgWmGtSUYIWScbw=="
    }
  }
}
